<?xml version="1.0" encoding="UTF-8" standalone="yes" ?>
<CodeBlocks_project_file>
	<FileVersion major="1" minor="6" />
	<Project>
		<Option title="MokaGame" />
		<Option pch_mode="2" />
		<Option compiler="gcc" />
		<Build>
			<Target title="Debug">
				<Option output="bin/Debug/MokaGame" prefix_auto="1" extension_auto="1" />
				<Option object_output="obj/Debug/" />
				<Option type="1" />
				<Option compiler="gcc" />
				<Option projectCompilerOptionsRelation="2" />
				<Compiler>
					<Add option="-std=c++11" />
					<Add option="-g" />
					<Add directory="include" />
				</Compiler>
			</Target>
			<Target title="Release">
				<Option output="bin/Release/MokaGame" prefix_auto="1" extension_auto="1" />
				<Option object_output="obj/Release/" />
				<Option type="1" />
				<Option compiler="gcc" />
				<Compiler>
					<Add option="-O2" />
					<Add directory="include" />
				</Compiler>
				<Linker>
					<Add option="-s" />
				</Linker>
			</Target>
		</Build>
		<Compiler>
			<Add option="-pedantic" />
			<Add option="-Wextra" />
			<Add option="-Wall" />
			<Add directory="../dependencies/include" />
		</Compiler>
		<Linker>
			<Add option="-lmingw32 -lSDL2main -lSDL2" />
			<Add library="sdl2_image" />
			<Add library="sdl2main" />
			<Add library="sdl2" />
			<Add library="glu32" />
			<Add library="opengl32" />
			<Add library="freetype" />
			<Add library="box2d" />
			<Add library="CEGUIBase-0.dll" />
			<Add library="CEGUICommonDialogs-0.dll" />
			<Add library="CEGUICoreWindowRendererSet.dll" />
			<Add library="CEGUIOpenGLRenderer-0" />
			<Add directory="../dependencies/lib" />
			<Add directory="../dependencies/dll" />
			<Add directory="../../../../../MinGW/lib" />
		</Linker>
		<Unit filename="include/Asteroide.h" />
		<Unit filename="include/Camera.h" />
		<Unit filename="include/ContactListener.h" />
		<Unit filename="include/Events.h" />
		<Unit filename="include/FreeType.h" />
		<Unit filename="include/Funkcje.h" />
		<Unit filename="include/GUI.h" />
		<Unit filename="include/Game.h" />
		<Unit filename="include/Gauss.h" />
		<Unit filename="include/Image.h" />
		<Unit filename="include/Mate.h" />
		<Unit filename="include/Missle.h" />
		<Unit filename="include/Mmath.h" />
		<Unit filename="include/Module.h" />
		<Unit filename="include/Object.h" />
		<Unit filename="include/Player.h" />
		<Unit filename="include/PolygonGenerator.h" />
		<Unit filename="include/Polygony.h" />
		<Unit filename="include/RandomWorld.h" />
		<Unit filename="include/Renderer.h" />
		<Unit filename="include/Ship.h" />
		<Unit filename="include/World.h" />
		<Unit filename="include/WorldMesh.h" />
		<Unit filename="main.cpp" />
		<Unit filename="src/Asteroide.cpp" />
		<Unit filename="src/Camera.cpp" />
		<Unit filename="src/ContactListener.cpp" />
		<Unit filename="src/Events.cpp" />
		<Unit filename="src/FreeType.cpp" />
		<Unit filename="src/Funkcje.cpp" />
		<Unit filename="src/GUI.cpp" />
		<Unit filename="src/Game.cpp" />
		<Unit filename="src/Gauss.cpp" />
		<Unit filename="src/Image.cpp" />
		<Unit filename="src/Missle.cpp" />
		<Unit filename="src/Mmath.cpp" />
		<Unit filename="src/Module.cpp" />
		<Unit filename="src/Object.cpp" />
		<Unit filename="src/Player.cpp" />
		<Unit filename="src/PolygonGenerator.cpp" />
		<Unit filename="src/Polygony.cpp" />
		<Unit filename="src/RandomWorld.cpp" />
		<Unit filename="src/Renderer.cpp" />
		<Unit filename="src/Ship.cpp" />
		<Unit filename="src/World.cpp" />
		<Unit filename="src/WorldMesh.cpp" />
		<Extensions>
			<code_completion />
			<envvars />
			<debugger />
			<lib_finder disable_auto="1" />
			<DoxyBlocks>
				<comment_style block="4" line="2" />
				<doxyfile_project />
				<doxyfile_build />
				<doxyfile_warnings />
				<doxyfile_output />
				<doxyfile_dot />
				<general />
			</DoxyBlocks>
		</Extensions>
	</Project>
</CodeBlocks_project_file>
